
Microsoft Visual Studio Solution File, Format Version 12.00
# Visual Studio Version 16
VisualStudioVersion = 16.0.30114.105
MinimumVisualStudioVersion = 10.0.40219.1
Project("{FAE04EC0-301F-11D3-BF4B-00C04F79EFBC}") = "LTQL", "LTQL\LTQL.csproj", "{855F41EE-102A-47B2-8941-932E953B1433}"
EndProject
Global
	GlobalSection(SolutionConfigurationPlatforms) = preSolution
		Debug|Any CPU = Debug|Any CPU
		Release|Any CPU = Release|Any CPU
	EndGlobalSection
	GlobalSection(ProjectConfigurationPlatforms) = postSolution
		{855F41EE-102A-47B2-8941-932E953B1433}.Debug|Any CPU.ActiveCfg = Debug|Any CPU
		{855F41EE-102A-47B2-8941-932E953B1433}.Debug|Any CPU.Build.0 = Debug|Any CPU
		{855F41EE-102A-47B2-8941-932E953B1433}.Release|Any CPU.ActiveCfg = Release|Any CPU
		{855F41EE-102A-47B2-8941-932E953B1433}.Release|Any CPU.Build.0 = Release|Any CPU
	EndGlobalSection
	GlobalSection(SolutionProperties) = preSolution
		HideSolutionNode = FALSE
	EndGlobalSection
	GlobalSection(ExtensibilityGlobals) = postSolution
		SolutionGuid = {A472FB1E-4C8A-4A74-9369-5CCFE4BB4B01}
	EndGlobalSection
EndGlobal
